
Microsoft Visual Studio Solution File, Format Version 12.00
# Visual Studio Version 16
VisualStudioVersion = 16.0.28729.10
MinimumVisualStudioVersion = 10.0.40219.1
Project("{FAE04EC0-301F-11D3-BF4B-00C04F79EFBC}") = "LoginWindow", "LoginWindow.csproj", "{88834CE6-BD2F-410F-8A20-678E4EBCEDD1}"
EndProject
Global
	GlobalSection(SolutionConfigurationPlatforms) = preSolution
		Debug|Any CPU = Debug|Any CPU
		Release|Any CPU = Release|Any CPU
	EndGlobalSection
	GlobalSection(ProjectConfigurationPlatforms) = postSolution
		{88834CE6-BD2F-410F-8A20-678E4EBCEDD1}.Debug|Any CPU.ActiveCfg = Debug|Any CPU
		{88834CE6-BD2F-410F-8A20-678E4EBCEDD1}.Debug|Any CPU.Build.0 = Debug|Any CPU
		{88834CE6-BD2F-410F-8A20-678E4EBCEDD1}.Release|Any CPU.ActiveCfg = Release|Any CPU
		{88834CE6-BD2F-410F-8A20-678E4EBCEDD1}.Release|Any CPU.Build.0 = Release|Any CPU
	EndGlobalSection
	GlobalSection(SolutionProperties) = preSolution
		HideSolutionNode = FALSE
	EndGlobalSection
	GlobalSection(ExtensibilityGlobals) = postSolution
		SolutionGuid = {D0C73AD2-32CB-4D0A-9DEE-04ABAA2C74A3}
	EndGlobalSection
EndGlobal
